// !$*UTF8*$!
{
	archiveVersion = 1;
	classes = {
	};
	objectVersion = 77;
	objects = {

/* Begin PBXBuildFile section */
		36067C092E4303FA0041426A /* ball_basketball_realistic.usdz in Resources */ = {isa = PBXBuildFile; fileRef = 36E012CF2E42E4C900B4252E /* ball_basketball_realistic.usdz */; };
		36067C0A2E4303FA0041426A /* teapot.usdz in Resources */ = {isa = PBXBuildFile; fileRef = 36E012D02E42E4C900B4252E /* teapot.usdz */; };
		36067C0B2E4303FA0041426A /* toy_car.usdz in Resources */ = {isa = PBXBuildFile; fileRef = 36E012D12E42E4C900B4252E /* toy_car.usdz */; };
		36E012B52E42DC1300B4252E /* ContentView.swift in Sources */ = {isa = PBXBuildFile; fileRef = 36E012B42E42DC1300B4252E /* ContentView.swift */; };
		36E012C72E42DD6F00B4252E /* Furniture.swift in Sources */ = {isa = PBXBuildFile; fileRef = 36E012C62E42DD6500B4252E /* Furniture.swift */; };
		36E012CD2E42DDDD00B4252E /* ARViewModel.swift in Sources */ = {isa = PBXBuildFile; fileRef = 36E012CB2E42DDD200B4252E /* ARViewModel.swift */; };
		36E012D22E42E80600B4252E /* ARViewContainer.swift in Sources */ = {isa = PBXBuildFile; fileRef = 36E012CE2E42DE1C00B4252E /* ARViewContainer.swift */; };
/* End PBXBuildFile section */

/* Begin PBXFileReference section */
		36E012AF2E42DC1300B4252E /* ARInteriorDesigner.app */ = {isa = PBXFileReference; explicitFileType = wrapper.application; includeInIndex = 0; path = ARInteriorDesigner.app; sourceTree = BUILT_PRODUCTS_DIR; };
		36E012B42E42DC1300B4252E /* ContentView.swift */ = {isa = PBXFileReference; lastKnownFileType = sourcecode.swift; path = ContentView.swift; sourceTree = "<group>"; };
		36E012C62E42DD6500B4252E /* Furniture.swift */ = {isa = PBXFileReference; lastKnownFileType = sourcecode.swift; path = Furniture.swift; sourceTree = "<group>"; };
		36E012CB2E42DDD200B4252E /* ARViewModel.swift */ = {isa = PBXFileReference; lastKnownFileType = sourcecode.swift; path = ARViewModel.swift; sourceTree = "<group>"; };
		36E012CE2E42DE1C00B4252E /* ARViewContainer.swift */ = {isa = PBXFileReference; lastKnownFileType = sourcecode.swift; path = ARViewContainer.swift; sourceTree = "<group>"; };
		36E012CF2E42E4C900B4252E /* ball_basketball_realistic.usdz */ = {isa = PBXFileReference; lastKnownFileType = file; path = ball_basketball_realistic.usdz; sourceTree = "<group>"; };
		36E012D02E42E4C900B4252E /* teapot.usdz */ = {isa = PBXFileReference; lastKnownFileType = file; path = teapot.usdz; sourceTree = "<group>"; };
		36E012D12E42E4C900B4252E /* toy_car.usdz */ = {isa = PBXFileReference; lastKnownFileType = file; path = toy_car.usdz; sourceTree = "<group>"; };
/* End PBXFileReference section */

/* Begin PBXFileSystemSynchronizedRootGroup section */
		36E012B12E42DC1300B4252E /* ARInteriorDesigner */ = {
			isa = PBXFileSystemSynchronizedRootGroup;
			path = ARInteriorDesigner;
			sourceTree = "<group>";
		};
/* End PBXFileSystemSynchronizedRootGroup section */

/* Begin PBXFrameworksBuildPhase section */
		36E012AC2E42DC1300B4252E /* Frameworks */ = {
			isa = PBXFrameworksBuildPhase;
			buildActionMask = 2147483647;
			files = (
			);
			runOnlyForDeploymentPostprocessing = 0;
		};
/* End PBXFrameworksBuildPhase section */

/* Begin PBXGroup section */
		36E012A62E42DC1300B4252E = {
			isa = PBXGroup;
			children = (
				36E012B12E42DC1300B4252E /* ARInteriorDesigner */,
				36E012BD2E42DC4A00B4252E /* MVVM */,
				36E012C22E42DCBB00B4252E /* Models  */,
				36E012C12E42DC9E00B4252E /* ARLogic */,
				36E012B02E42DC1300B4252E /* Products */,
			);
			sourceTree = "<group>";
		};
		36E012B02E42DC1300B4252E /* Products */ = {
			isa = PBXGroup;
			children = (
				36E012AF2E42DC1300B4252E /* ARInteriorDesigner.app */,
			);
			name = Products;
			sourceTree = "<group>";
		};
		36E012BD2E42DC4A00B4252E /* MVVM */ = {
			isa = PBXGroup;
			children = (
				36E012C02E42DC7700B4252E /* ViewModel */,
				36E012BF2E42DC6C00B4252E /* View */,
				36E012BE2E42DC6000B4252E /* Model */,
			);
			path = MVVM;
			sourceTree = "<group>";
		};
		36E012BE2E42DC6000B4252E /* Model */ = {
			isa = PBXGroup;
			children = (
				36E012C62E42DD6500B4252E /* Furniture.swift */,
			);
			path = Model;
			sourceTree = "<group>";
		};
		36E012BF2E42DC6C00B4252E /* View */ = {
			isa = PBXGroup;
			children = (
				36E012B42E42DC1300B4252E /* ContentView.swift */,
			);
			path = View;
			sourceTree = "<group>";
		};
		36E012C02E42DC7700B4252E /* ViewModel */ = {
			isa = PBXGroup;
			children = (
				36E012CB2E42DDD200B4252E /* ARViewModel.swift */,
			);
			path = ViewModel;
			sourceTree = "<group>";
		};
		36E012C12E42DC9E00B4252E /* ARLogic */ = {
			isa = PBXGroup;
			children = (
				36E012CE2E42DE1C00B4252E /* ARViewContainer.swift */,
			);
			path = ARLogic;
			sourceTree = "<group>";
		};
		36E012C22E42DCBB00B4252E /* Models  */ = {
			isa = PBXGroup;
			children = (
				36E012CF2E42E4C900B4252E /* ball_basketball_realistic.usdz */,
				36E012D02E42E4C900B4252E /* teapot.usdz */,
				36E012D12E42E4C900B4252E /* toy_car.usdz */,
			);
			path = "Models ";
			sourceTree = "<group>";
		};
/* End PBXGroup section */

/* Begin PBXNativeTarget section */
		36E012AE2E42DC1300B4252E /* ARInteriorDesigner */ = {
			isa = PBXNativeTarget;
			buildConfigurationList = 36E012BA2E42DC1400B4252E /* Build configuration list for PBXNativeTarget "ARInteriorDesigner" */;
			buildPhases = (
				36E012AB2E42DC1300B4252E /* Sources */,
				36E012AC2E42DC1300B4252E /* Frameworks */,
				36E012AD2E42DC1300B4252E /* Resources */,
			);
			buildRules = (
			);
			dependencies = (
			);
			fileSystemSynchronizedGroups = (
				36E012B12E42DC1300B4252E /* ARInteriorDesigner */,
			);
			name = ARInteriorDesigner;
			packageProductDependencies = (
			);
			productName = ARInteriorDesigner;
			productReference = 36E012AF2E42DC1300B4252E /* ARInteriorDesigner.app */;
			productType = "com.apple.product-type.application";
		};
/* End PBXNativeTarget section */

/* Begin PBXProject section */
		36E012A72E42DC1300B4252E /* Project object */ = {
			isa = PBXProject;
			attributes = {
				BuildIndependentTargetsInParallel = 1;
				LastSwiftUpdateCheck = 1640;
				LastUpgradeCheck = 1640;
				TargetAttributes = {
					36E012AE2E42DC1300B4252E = {
						CreatedOnToolsVersion = 16.4;
					};
				};
			};
			buildConfigurationList = 36E012AA2E42DC1300B4252E /* Build configuration list for PBXProject "ARInteriorDesigner" */;
			developmentRegion = en;
			hasScannedForEncodings = 0;
			knownRegions = (
				en,
				Base,
			);
			mainGroup = 36E012A62E42DC1300B4252E;
			minimizedProjectReferenceProxies = 1;
			preferredProjectObjectVersion = 77;
			productRefGroup = 36E012B02E42DC1300B4252E /* Products */;
			projectDirPath = "";
			projectRoot = "";
			targets = (
				36E012AE2E42DC1300B4252E /* ARInteriorDesigner */,
			);
		};
/* End PBXProject section */

/* Begin PBXResourcesBuildPhase section */
		36E012AD2E42DC1300B4252E /* Resources */ = {
			isa = PBXResourcesBuildPhase;
			buildActionMask = 2147483647;
			files = (
				36067C092E4303FA0041426A /* ball_basketball_realistic.usdz in Resources */,
				36067C0A2E4303FA0041426A /* teapot.usdz in Resources */,
				36067C0B2E4303FA0041426A /* toy_car.usdz in Resources */,
			);
			runOnlyForDeploymentPostprocessing = 0;
		};
/* End PBXResourcesBuildPhase section */

/* Begin PBXSourcesBuildPhase section */
		36E012AB2E42DC1300B4252E /* Sources */ = {
			isa = PBXSourcesBuildPhase;
			buildActionMask = 2147483647;
			files = (
				36E012CD2E42DDDD00B4252E /* ARViewModel.swift in Sources */,
				36E012B52E42DC1300B4252E /* ContentView.swift in Sources */,
				36E012C72E42DD6F00B4252E /* Furniture.swift in Sources */,
				36E012D22E42E80600B4252E /* ARViewContainer.swift in Sources */,
			);
			runOnlyForDeploymentPostprocessing = 0;
		};
/* End PBXSourcesBuildPhase section */

/* Begin XCBuildConfiguration section */
		36E012B82E42DC1400B4252E /* Debug */ = {
			isa = XCBuildConfiguration;
			buildSettings = {
				ALWAYS_SEARCH_USER_PATHS = NO;
				ASSETCATALOG_COMPILER_GENERATE_SWIFT_ASSET_SYMBOL_EXTENSIONS = YES;
				CLANG_ANALYZER_NONNULL = YES;
				CLANG_ANALYZER_NUMBER_OBJECT_CONVERSION = YES_AGGRESSIVE;
				CLANG_CXX_LANGUAGE_STANDARD = "gnu++20";
				CLANG_ENABLE_MODULES = YES;
				CLANG_ENABLE_OBJC_ARC = YES;
				CLANG_ENABLE_OBJC_WEAK = YES;
				CLANG_WARN_BLOCK_CAPTURE_AUTORELEASING = YES;
				CLANG_WARN_BOOL_CONVERSION = YES;
				CLANG_WARN_COMMA = YES;
				CLANG_WARN_CONSTANT_CONVERSION = YES;
				CLANG_WARN_DEPRECATED_OBJC_IMPLEMENTATIONS = YES;
				CLANG_WARN_DIRECT_OBJC_ISA_USAGE = YES_ERROR;
				CLANG_WARN_DOCUMENTATION_COMMENTS = YES;
				CLANG_WARN_EMPTY_BODY = YES;
				CLANG_WARN_ENUM_CONVERSION = YES;
				CLANG_WARN_INFINITE_RECURSION = YES;
				CLANG_WARN_INT_CONVERSION = YES;
				CLANG_WARN_NON_LITERAL_NULL_CONVERSION = YES;
				CLANG_WARN_OBJC_IMPLICIT_RETAIN_SELF = YES;
				CLANG_WARN_OBJC_LITERAL_CONVERSION = YES;
				CLANG_WARN_OBJC_ROOT_CLASS = YES_ERROR;
				CLANG_WARN_QUOTED_INCLUDE_IN_FRAMEWORK_HEADER = YES;
				CLANG_WARN_RANGE_LOOP_ANALYSIS = YES;
				CLANG_WARN_STRICT_PROTOTYPES = YES;
				CLANG_WARN_SUSPICIOUS_MOVE = YES;
				CLANG_WARN_UNGUARDED_AVAILABILITY = YES_AGGRESSIVE;
				CLANG_WARN_UNREACHABLE_CODE = YES;
				CLANG_WARN__DUPLICATE_METHOD_MATCH = YES;
				COPY_PHASE_STRIP = NO;
				DEBUG_INFORMATION_FORMAT = dwarf;
				DEVELOPMENT_TEAM = KVHF8Y7S9W;
				ENABLE_STRICT_OBJC_MSGSEND = YES;
				ENABLE_TESTABILITY = YES;
				ENABLE_USER_SCRIPT_SANDBOXING = YES;
				GCC_C_LANGUAGE_STANDARD = gnu17;
				GCC_DYNAMIC_NO_PIC = NO;
				GCC_NO_COMMON_BLOCKS = YES;
				GCC_OPTIMIZATION_LEVEL = 0;
				GCC_PREPROCESSOR_DEFINITIONS = (
					"DEBUG=1",
					"$(inherited)",
				);
				GCC_WARN_64_TO_32_BIT_CONVERSION = YES;
				GCC_WARN_ABOUT_RETURN_TYPE = YES_ERROR;
				GCC_WARN_UNDECLARED_SELECTOR = YES;
				GCC_WARN_UNINITIALIZED_AUTOS = YES_AGGRESSIVE;
				GCC_WARN_UNUSED_FUNCTION = YES;
				GCC_WARN_UNUSED_VARIABLE = YES;
				IPHONEOS_DEPLOYMENT_TARGET = 18.5;
				LOCALIZATION_PREFERS_STRING_CATALOGS = YES;
				MTL_ENABLE_DEBUG_INFO = INCLUDE_SOURCE;
				MTL_FAST_MATH = YES;
				ONLY_ACTIVE_ARCH = YES;
				SDKROOT = iphoneos;
				SWIFT_ACTIVE_COMPILATION_CONDITIONS = "DEBUG $(inherited)";
				SWIFT_OPTIMIZATION_LEVEL = "-Onone";
			};
			name = Debug;
		};
		36E012B92E42DC1400B4252E /* Release */ = {
			isa = XCBuildConfiguration;
			buildSettings = {
				ALWAYS_SEARCH_USER_PATHS = NO;
				ASSETCATALOG_COMPILER_GENERATE_SWIFT_ASSET_SYMBOL_EXTENSIONS = YES;
				CLANG_ANALYZER_NONNULL = YES;
				CLANG_ANALYZER_NUMBER_OBJECT_CONVERSION = YES_AGGRESSIVE;
				CLANG_CXX_LANGUAGE_STANDARD = "gnu++20";
				CLANG_ENABLE_MODULES = YES;
				CLANG_ENABLE_OBJC_ARC = YES;
				CLANG_ENABLE_OBJC_WEAK = YES;
				CLANG_WARN_BLOCK_CAPTURE_AUTORELEASING = YES;
				CLANG_WARN_BOOL_CONVERSION = YES;
				CLANG_WARN_COMMA = YES;
				CLANG_WARN_CONSTANT_CONVERSION = YES;
				CLANG_WARN_DEPRECATED_OBJC_IMPLEMENTATIONS = YES;
				CLANG_WARN_DIRECT_OBJC_ISA_USAGE = YES_ERROR;
				CLANG_WARN_DOCUMENTATION_COMMENTS = YES;
				CLANG_WARN_EMPTY_BODY = YES;
				CLANG_WARN_ENUM_CONVERSION = YES;
				CLANG_WARN_INFINITE_RECURSION = YES;
				CLANG_WARN_INT_CONVERSION = YES;
				CLANG_WARN_NON_LITERAL_NULL_CONVERSION = YES;
				CLANG_WARN_OBJC_IMPLICIT_RETAIN_SELF = YES;
				CLANG_WARN_OBJC_LITERAL_CONVERSION = YES;
				CLANG_WARN_OBJC_ROOT_CLASS = YES_ERROR;
				CLANG_WARN_QUOTED_INCLUDE_IN_FRAMEWORK_HEADER = YES;
				CLANG_WARN_RANGE_LOOP_ANALYSIS = YES;
				CLANG_WARN_STRICT_PROTOTYPES = YES;
				CLANG_WARN_SUSPICIOUS_MOVE = YES;
				CLANG_WARN_UNGUARDED_AVAILABILITY = YES_AGGRESSIVE;
				CLANG_WARN_UNREACHABLE_CODE = YES;
				CLANG_WARN__DUPLICATE_METHOD_MATCH = YES;
				COPY_PHASE_STRIP = NO;
				DEBUG_INFORMATION_FORMAT = "dwarf-with-dsym";
				DEVELOPMENT_TEAM = KVHF8Y7S9W;
				ENABLE_NS_ASSERTIONS = NO;
				ENABLE_STRICT_OBJC_MSGSEND = YES;
				ENABLE_USER_SCRIPT_SANDBOXING = YES;
				GCC_C_LANGUAGE_STANDARD = gnu17;
				GCC_NO_COMMON_BLOCKS = YES;
				GCC_WARN_64_TO_32_BIT_CONVERSION = YES;
				GCC_WARN_ABOUT_RETURN_TYPE = YES_ERROR;
				GCC_WARN_UNDECLARED_SELECTOR = YES;
				GCC_WARN_UNINITIALIZED_AUTOS = YES_AGGRESSIVE;
				GCC_WARN_UNUSED_FUNCTION = YES;
				GCC_WARN_UNUSED_VARIABLE = YES;
				IPHONEOS_DEPLOYMENT_TARGET = 18.5;
				LOCALIZATION_PREFERS_STRING_CATALOGS = YES;
				MTL_ENABLE_DEBUG_INFO = NO;
				MTL_FAST_MATH = YES;
				SDKROOT = iphoneos;
				SWIFT_COMPILATION_MODE = wholemodule;
				VALIDATE_PRODUCT = YES;
			};
			name = Release;
		};
		36E012BB2E42DC1400B4252E /* Debug */ = {
			isa = XCBuildConfiguration;
			buildSettings = {
				ASSETCATALOG_COMPILER_APPICON_NAME = AppIcon;
				ASSETCATALOG_COMPILER_GLOBAL_ACCENT_COLOR_NAME = AccentColor;
				CODE_SIGN_STYLE = Automatic;
				CURRENT_PROJECT_VERSION = 1;
				DEVELOPMENT_TEAM = KVHF8Y7S9W;
				ENABLE_PREVIEWS = YES;
				GENERATE_INFOPLIST_FILE = YES;
				INFOPLIST_KEY_NSCameraUsageDescription = "";
				INFOPLIST_KEY_UIApplicationSupportsIndirectInputEvents = YES;
				INFOPLIST_KEY_UILaunchScreen_Generation = YES;
				INFOPLIST_KEY_UIRequiredDeviceCapabilities = arkit;
				INFOPLIST_KEY_UIStatusBarHidden = YES;
				INFOPLIST_KEY_UISupportedInterfaceOrientations_iPad = "UIInterfaceOrientationPortrait UIInterfaceOrientationPortraitUpsideDown UIInterfaceOrientationLandscapeLeft UIInterfaceOrientationLandscapeRight";
				INFOPLIST_KEY_UISupportedInterfaceOrientations_iPhone = "UIInterfaceOrientationPortrait UIInterfaceOrientationLandscapeLeft UIInterfaceOrientationLandscapeRight";
				IPHONEOS_DEPLOYMENT_TARGET = 17.6;
				LD_RUNPATH_SEARCH_PATHS = (
					"$(inherited)",
					"@executable_path/Frameworks",
				);
				MARKETING_VERSION = 1.0;
				PRODUCT_BUNDLE_IDENTIFIER = Pratham2801.ARInteriorDesigner;
				PRODUCT_NAME = "$(TARGET_NAME)";
				SWIFT_EMIT_LOC_STRINGS = YES;
				SWIFT_VERSION = 5.0;
				TARGETED_DEVICE_FAMILY = "1,2";
			};
			name = Debug;
		};
		36E012BC2E42DC1400B4252E /* Release */ = {
			isa = XCBuildConfiguration;
			buildSettings = {
				ASSETCATALOG_COMPILER_APPICON_NAME = AppIcon;
				ASSETCATALOG_COMPILER_GLOBAL_ACCENT_COLOR_NAME = AccentColor;
				CODE_SIGN_STYLE = Automatic;
				CURRENT_PROJECT_VERSION = 1;
				DEVELOPMENT_TEAM = KVHF8Y7S9W;
				ENABLE_PREVIEWS = YES;
				GENERATE_INFOPLIST_FILE = YES;
				INFOPLIST_KEY_NSCameraUsageDescription = "";
				INFOPLIST_KEY_UIApplicationSupportsIndirectInputEvents = YES;
				INFOPLIST_KEY_UILaunchScreen_Generation = YES;
				INFOPLIST_KEY_UIRequiredDeviceCapabilities = arkit;
				INFOPLIST_KEY_UIStatusBarHidden = YES;
				INFOPLIST_KEY_UISupportedInterfaceOrientations_iPad = "UIInterfaceOrientationPortrait UIInterfaceOrientationPortraitUpsideDown UIInterfaceOrientationLandscapeLeft UIInterfaceOrientationLandscapeRight";
				INFOPLIST_KEY_UISupportedInterfaceOrientations_iPhone = "UIInterfaceOrientationPortrait UIInterfaceOrientationLandscapeLeft UIInterfaceOrientationLandscapeRight";
				IPHONEOS_DEPLOYMENT_TARGET = 17.6;
				LD_RUNPATH_SEARCH_PATHS = (
					"$(inherited)",
					"@executable_path/Frameworks",
				);
				MARKETING_VERSION = 1.0;
				PRODUCT_BUNDLE_IDENTIFIER = Pratham2801.ARInteriorDesigner;
				PRODUCT_NAME = "$(TARGET_NAME)";
				SWIFT_EMIT_LOC_STRINGS = YES;
				SWIFT_VERSION = 5.0;
				TARGETED_DEVICE_FAMILY = "1,2";
			};
			name = Release;
		};
/* End XCBuildConfiguration section */

/* Begin XCConfigurationList section */
		36E012AA2E42DC1300B4252E /* Build configuration list for PBXProject "ARInteriorDesigner" */ = {
			isa = XCConfigurationList;
			buildConfigurations = (
				36E012B82E42DC1400B4252E /* Debug */,
				36E012B92E42DC1400B4252E /* Release */,
			);
			defaultConfigurationIsVisible = 0;
			defaultConfigurationName = Release;
		};
		36E012BA2E42DC1400B4252E /* Build configuration list for PBXNativeTarget "ARInteriorDesigner" */ = {
			isa = XCConfigurationList;
			buildConfigurations = (
				36E012BB2E42DC1400B4252E /* Debug */,
				36E012BC2E42DC1400B4252E /* Release */,
			);
			defaultConfigurationIsVisible = 0;
			defaultConfigurationName = Release;
		};
/* End XCConfigurationList section */
	};
	rootObject = 36E012A72E42DC1300B4252E /* Project object */;
}
